
Microsoft Visual Studio Solution File, Format Version 12.00
# Visual Studio Version 16
VisualStudioVersion = 16.0.29806.167
MinimumVisualStudioVersion = 10.0.40219.1
Project("{FAE04EC0-301F-11D3-BF4B-00C04F79EFBC}") = "JobList", "JobList.csproj", "{3A113152-5076-4B36-BA1E-762A0CC9B633}"
EndProject
Global
	GlobalSection(SolutionConfigurationPlatforms) = preSolution
		Debug|ARM = Debug|ARM
		Debug|ARM64 = Debug|ARM64
		Debug|x64 = Debug|x64
		Debug|x86 = Debug|x86
		Release|ARM = Release|ARM
		Release|ARM64 = Release|ARM64
		Release|x64 = Release|x64
		Release|x86 = Release|x86
	EndGlobalSection
	GlobalSection(ProjectConfigurationPlatforms) = postSolution
		{3A113152-5076-4B36-BA1E-762A0CC9B633}.Debug|ARM.ActiveCfg = Debug|ARM
		{3A113152-5076-4B36-BA1E-762A0CC9B633}.Debug|ARM.Build.0 = Debug|ARM
		{3A113152-5076-4B36-BA1E-762A0CC9B633}.Debug|ARM.Deploy.0 = Debug|ARM
		{3A113152-5076-4B36-BA1E-762A0CC9B633}.Debug|ARM64.ActiveCfg = Debug|ARM64
		{3A113152-5076-4B36-BA1E-762A0CC9B633}.Debug|ARM64.Build.0 = Debug|ARM64
		{3A113152-5076-4B36-BA1E-762A0CC9B633}.Debug|ARM64.Deploy.0 = Debug|ARM64
		{3A113152-5076-4B36-BA1E-762A0CC9B633}.Debug|x64.ActiveCfg = Debug|x64
		{3A113152-5076-4B36-BA1E-762A0CC9B633}.Debug|x64.Build.0 = Debug|x64
		{3A113152-5076-4B36-BA1E-762A0CC9B633}.Debug|x64.Deploy.0 = Debug|x64
		{3A113152-5076-4B36-BA1E-762A0CC9B633}.Debug|x86.ActiveCfg = Debug|x86
		{3A113152-5076-4B36-BA1E-762A0CC9B633}.Debug|x86.Build.0 = Debug|x86
		{3A113152-5076-4B36-BA1E-762A0CC9B633}.Debug|x86.Deploy.0 = Debug|x86
		{3A113152-5076-4B36-BA1E-762A0CC9B633}.Release|ARM.ActiveCfg = Release|ARM
		{3A113152-5076-4B36-BA1E-762A0CC9B633}.Release|ARM.Build.0 = Release|ARM
		{3A113152-5076-4B36-BA1E-762A0CC9B633}.Release|ARM.Deploy.0 = Release|ARM
		{3A113152-5076-4B36-BA1E-762A0CC9B633}.Release|ARM64.ActiveCfg = Release|ARM64
		{3A113152-5076-4B36-BA1E-762A0CC9B633}.Release|ARM64.Build.0 = Release|ARM64
		{3A113152-5076-4B36-BA1E-762A0CC9B633}.Release|ARM64.Deploy.0 = Release|ARM64
		{3A113152-5076-4B36-BA1E-762A0CC9B633}.Release|x64.ActiveCfg = Release|x64
		{3A113152-5076-4B36-BA1E-762A0CC9B633}.Release|x64.Build.0 = Release|x64
		{3A113152-5076-4B36-BA1E-762A0CC9B633}.Release|x64.Deploy.0 = Release|x64
		{3A113152-5076-4B36-BA1E-762A0CC9B633}.Release|x86.ActiveCfg = Release|x86
		{3A113152-5076-4B36-BA1E-762A0CC9B633}.Release|x86.Build.0 = Release|x86
		{3A113152-5076-4B36-BA1E-762A0CC9B633}.Release|x86.Deploy.0 = Release|x86
	EndGlobalSection
	GlobalSection(SolutionProperties) = preSolution
		HideSolutionNode = FALSE
	EndGlobalSection
	GlobalSection(ExtensibilityGlobals) = postSolution
		SolutionGuid = {B9DF2A78-2C79-46AE-848E-6D20C460AF68}
	EndGlobalSection
EndGlobal
